// !$*UTF8*$!
{
	archiveVersion = 1;
	classes = {
	};
	objectVersion = 55;
	objects = {

/* Begin PBXBuildFile section */
		46C94A472B943A53002952AA /* gai.h in Headers */ = {isa = PBXBuildFile; fileRef = 46C94A312B9439CF002952AA /* gai.h */; settings = {ATTRIBUTES = (Public, ); }; };
		46C94A482B943A56002952AA /* saslutil.h in Headers */ = {isa = PBXBuildFile; fileRef = 46C94A322B9439CF002952AA /* saslutil.h */; settings = {ATTRIBUTES = (Public, ); }; };
		46C94A492B943A58002952AA /* sasl.h in Headers */ = {isa = PBXBuildFile; fileRef = 46C94A332B9439CF002952AA /* sasl.h */; settings = {ATTRIBUTES = (Public, ); }; };
		46C94A4A2B943A59002952AA /* hmac-md5.h in Headers */ = {isa = PBXBuildFile; fileRef = 46C94A342B9439CF002952AA /* hmac-md5.h */; settings = {ATTRIBUTES = (Public, ); }; };
		46C94A4B2B943A5A002952AA /* md5.h in Headers */ = {isa = PBXBuildFile; fileRef = 46C94A352B9439CF002952AA /* md5.h */; settings = {ATTRIBUTES = (Public, ); }; };
		46C94A4C2B943A5B002952AA /* saslplug.h in Headers */ = {isa = PBXBuildFile; fileRef = 46C94A362B9439CF002952AA /* saslplug.h */; settings = {ATTRIBUTES = (Public, ); }; };
		46C94A4D2B943A5C002952AA /* exits.h in Headers */ = {isa = PBXBuildFile; fileRef = 46C94A372B9439CF002952AA /* exits.h */; settings = {ATTRIBUTES = (Public, ); }; };
		46C94A4E2B943A5D002952AA /* prop.h in Headers */ = {isa = PBXBuildFile; fileRef = 46C94A382B9439CF002952AA /* prop.h */; settings = {ATTRIBUTES = (Public, ); }; };
		46C94A4F2B943A69002952AA /* libsasl2.a in Frameworks */ = {isa = PBXBuildFile; fileRef = 46C94A1F2B9439CF002952AA /* libsasl2.a */; };
/* End PBXBuildFile section */

/* Begin PBXFileReference section */
		467198D728C7FB9800965042 /* libsasl.framework */ = {isa = PBXFileReference; explicitFileType = wrapper.framework; includeInIndex = 0; path = libsasl.framework; sourceTree = BUILT_PRODUCTS_DIR; };
		46C94A172B9439CF002952AA /* libsasl2.a */ = {isa = PBXFileReference; lastKnownFileType = archive.ar; path = libsasl2.a; sourceTree = "<group>"; };
		46C94A192B9439CF002952AA /* libplain.a */ = {isa = PBXFileReference; lastKnownFileType = archive.ar; path = libplain.a; sourceTree = "<group>"; };
		46C94A1A2B9439CF002952AA /* liblogin.a */ = {isa = PBXFileReference; lastKnownFileType = archive.ar; path = liblogin.a; sourceTree = "<group>"; };
		46C94A1B2B9439CF002952AA /* libanonymous.a */ = {isa = PBXFileReference; lastKnownFileType = archive.ar; path = libanonymous.a; sourceTree = "<group>"; };
		46C94A1C2B9439CF002952AA /* libcrammd5.a */ = {isa = PBXFileReference; lastKnownFileType = archive.ar; path = libcrammd5.a; sourceTree = "<group>"; };
		46C94A1D2B9439CF002952AA /* libsasldb.a */ = {isa = PBXFileReference; lastKnownFileType = archive.ar; path = libsasldb.a; sourceTree = "<group>"; };
		46C94A1F2B9439CF002952AA /* libsasl2.a */ = {isa = PBXFileReference; lastKnownFileType = archive.ar; path = libsasl2.a; sourceTree = "<group>"; };
		46C94A212B9439CF002952AA /* libplain.a */ = {isa = PBXFileReference; lastKnownFileType = archive.ar; path = libplain.a; sourceTree = "<group>"; };
		46C94A222B9439CF002952AA /* liblogin.a */ = {isa = PBXFileReference; lastKnownFileType = archive.ar; path = liblogin.a; sourceTree = "<group>"; };
		46C94A232B9439CF002952AA /* libanonymous.a */ = {isa = PBXFileReference; lastKnownFileType = archive.ar; path = libanonymous.a; sourceTree = "<group>"; };
		46C94A242B9439CF002952AA /* libcrammd5.a */ = {isa = PBXFileReference; lastKnownFileType = archive.ar; path = libcrammd5.a; sourceTree = "<group>"; };
		46C94A252B9439CF002952AA /* libsasldb.a */ = {isa = PBXFileReference; lastKnownFileType = archive.ar; path = libsasldb.a; sourceTree = "<group>"; };
		46C94A282B9439CF002952AA /* libsasl2.a */ = {isa = PBXFileReference; lastKnownFileType = archive.ar; path = libsasl2.a; sourceTree = "<group>"; };
		46C94A2A2B9439CF002952AA /* libplain.a */ = {isa = PBXFileReference; lastKnownFileType = archive.ar; path = libplain.a; sourceTree = "<group>"; };
		46C94A2B2B9439CF002952AA /* liblogin.a */ = {isa = PBXFileReference; lastKnownFileType = archive.ar; path = liblogin.a; sourceTree = "<group>"; };
		46C94A2C2B9439CF002952AA /* libanonymous.a */ = {isa = PBXFileReference; lastKnownFileType = archive.ar; path = libanonymous.a; sourceTree = "<group>"; };
		46C94A2D2B9439CF002952AA /* libcrammd5.a */ = {isa = PBXFileReference; lastKnownFileType = archive.ar; path = libcrammd5.a; sourceTree = "<group>"; };
		46C94A2E2B9439CF002952AA /* libsasldb.a */ = {isa = PBXFileReference; lastKnownFileType = archive.ar; path = libsasldb.a; sourceTree = "<group>"; };
		46C94A312B9439CF002952AA /* gai.h */ = {isa = PBXFileReference; lastKnownFileType = sourcecode.c.h; path = gai.h; sourceTree = "<group>"; };
		46C94A322B9439CF002952AA /* saslutil.h */ = {isa = PBXFileReference; lastKnownFileType = sourcecode.c.h; path = saslutil.h; sourceTree = "<group>"; };
		46C94A332B9439CF002952AA /* sasl.h */ = {isa = PBXFileReference; lastKnownFileType = sourcecode.c.h; path = sasl.h; sourceTree = "<group>"; };
		46C94A342B9439CF002952AA /* hmac-md5.h */ = {isa = PBXFileReference; lastKnownFileType = sourcecode.c.h; path = "hmac-md5.h"; sourceTree = "<group>"; };
		46C94A352B9439CF002952AA /* md5.h */ = {isa = PBXFileReference; lastKnownFileType = sourcecode.c.h; path = md5.h; sourceTree = "<group>"; };
		46C94A362B9439CF002952AA /* saslplug.h */ = {isa = PBXFileReference; lastKnownFileType = sourcecode.c.h; path = saslplug.h; sourceTree = "<group>"; };
		46C94A372B9439CF002952AA /* exits.h */ = {isa = PBXFileReference; lastKnownFileType = sourcecode.c.h; path = exits.h; sourceTree = "<group>"; };
		46C94A382B9439CF002952AA /* prop.h */ = {isa = PBXFileReference; lastKnownFileType = sourcecode.c.h; path = prop.h; sourceTree = "<group>"; };
/* End PBXFileReference section */

/* Begin PBXFrameworksBuildPhase section */
		467198D428C7FB9800965042 /* Frameworks */ = {
			isa = PBXFrameworksBuildPhase;
			buildActionMask = 2147483647;
			files = (
				46C94A4F2B943A69002952AA /* libsasl2.a in Frameworks */,
			);
			runOnlyForDeploymentPostprocessing = 0;
		};
/* End PBXFrameworksBuildPhase section */

/* Begin PBXGroup section */
		467198CD28C7FB9800965042 = {
			isa = PBXGroup;
			children = (
				46C94A2F2B9439CF002952AA /* include */,
				46C94A152B9439CF002952AA /* lib */,
				467198D828C7FB9800965042 /* Products */,
				46856A1828CA969C00397C21 /* Frameworks */,
			);
			sourceTree = "<group>";
		};
		467198D828C7FB9800965042 /* Products */ = {
			isa = PBXGroup;
			children = (
				467198D728C7FB9800965042 /* libsasl.framework */,
			);
			name = Products;
			sourceTree = "<group>";
		};
		46856A1828CA969C00397C21 /* Frameworks */ = {
			isa = PBXGroup;
			children = (
			);
			name = Frameworks;
			sourceTree = "<group>";
		};
		46C94A152B9439CF002952AA /* lib */ = {
			isa = PBXGroup;
			children = (
				46C94A162B9439CF002952AA /* iphoneos */,
				46C94A1E2B9439CF002952AA /* macosx */,
				46C94A262B9439CF002952AA /* sasl2 */,
				46C94A272B9439CF002952AA /* iphonesimulator */,
			);
			path = lib;
			sourceTree = "<group>";
		};
		46C94A162B9439CF002952AA /* iphoneos */ = {
			isa = PBXGroup;
			children = (
				46C94A172B9439CF002952AA /* libsasl2.a */,
				46C94A182B9439CF002952AA /* sasl2 */,
			);
			path = iphoneos;
			sourceTree = "<group>";
		};
		46C94A182B9439CF002952AA /* sasl2 */ = {
			isa = PBXGroup;
			children = (
				46C94A192B9439CF002952AA /* libplain.a */,
				46C94A1A2B9439CF002952AA /* liblogin.a */,
				46C94A1B2B9439CF002952AA /* libanonymous.a */,
				46C94A1C2B9439CF002952AA /* libcrammd5.a */,
				46C94A1D2B9439CF002952AA /* libsasldb.a */,
			);
			path = sasl2;
			sourceTree = "<group>";
		};
		46C94A1E2B9439CF002952AA /* macosx */ = {
			isa = PBXGroup;
			children = (
				46C94A1F2B9439CF002952AA /* libsasl2.a */,
				46C94A202B9439CF002952AA /* sasl2 */,
			);
			path = macosx;
			sourceTree = "<group>";
		};
		46C94A202B9439CF002952AA /* sasl2 */ = {
			isa = PBXGroup;
			children = (
				46C94A212B9439CF002952AA /* libplain.a */,
				46C94A222B9439CF002952AA /* liblogin.a */,
				46C94A232B9439CF002952AA /* libanonymous.a */,
				46C94A242B9439CF002952AA /* libcrammd5.a */,
				46C94A252B9439CF002952AA /* libsasldb.a */,
			);
			path = sasl2;
			sourceTree = "<group>";
		};
		46C94A262B9439CF002952AA /* sasl2 */ = {
			isa = PBXGroup;
			children = (
			);
			path = sasl2;
			sourceTree = "<group>";
		};
		46C94A272B9439CF002952AA /* iphonesimulator */ = {
			isa = PBXGroup;
			children = (
				46C94A282B9439CF002952AA /* libsasl2.a */,
				46C94A292B9439CF002952AA /* sasl2 */,
			);
			path = iphonesimulator;
			sourceTree = "<group>";
		};
		46C94A292B9439CF002952AA /* sasl2 */ = {
			isa = PBXGroup;
			children = (
				46C94A2A2B9439CF002952AA /* libplain.a */,
				46C94A2B2B9439CF002952AA /* liblogin.a */,
				46C94A2C2B9439CF002952AA /* libanonymous.a */,
				46C94A2D2B9439CF002952AA /* libcrammd5.a */,
				46C94A2E2B9439CF002952AA /* libsasldb.a */,
			);
			path = sasl2;
			sourceTree = "<group>";
		};
		46C94A2F2B9439CF002952AA /* include */ = {
			isa = PBXGroup;
			children = (
				46C94A302B9439CF002952AA /* sasl */,
			);
			path = include;
			sourceTree = "<group>";
		};
		46C94A302B9439CF002952AA /* sasl */ = {
			isa = PBXGroup;
			children = (
				46C94A312B9439CF002952AA /* gai.h */,
				46C94A322B9439CF002952AA /* saslutil.h */,
				46C94A332B9439CF002952AA /* sasl.h */,
				46C94A342B9439CF002952AA /* hmac-md5.h */,
				46C94A352B9439CF002952AA /* md5.h */,
				46C94A362B9439CF002952AA /* saslplug.h */,
				46C94A372B9439CF002952AA /* exits.h */,
				46C94A382B9439CF002952AA /* prop.h */,
			);
			path = sasl;
			sourceTree = "<group>";
		};
/* End PBXGroup section */

/* Begin PBXHeadersBuildPhase section */
		467198D228C7FB9800965042 /* Headers */ = {
			isa = PBXHeadersBuildPhase;
			buildActionMask = 2147483647;
			files = (
				46C94A472B943A53002952AA /* gai.h in Headers */,
				46C94A482B943A56002952AA /* saslutil.h in Headers */,
				46C94A4C2B943A5B002952AA /* saslplug.h in Headers */,
				46C94A4E2B943A5D002952AA /* prop.h in Headers */,
				46C94A4D2B943A5C002952AA /* exits.h in Headers */,
				46C94A4B2B943A5A002952AA /* md5.h in Headers */,
				46C94A4A2B943A59002952AA /* hmac-md5.h in Headers */,
				46C94A492B943A58002952AA /* sasl.h in Headers */,
			);
			runOnlyForDeploymentPostprocessing = 0;
		};
/* End PBXHeadersBuildPhase section */

/* Begin PBXNativeTarget section */
		467198D628C7FB9800965042 /* libsasl */ = {
			isa = PBXNativeTarget;
			buildConfigurationList = 467198EB28C7FB9800965042 /* Build configuration list for PBXNativeTarget "libsasl" */;
			buildPhases = (
				467198D228C7FB9800965042 /* Headers */,
				467198D328C7FB9800965042 /* Sources */,
				467198D428C7FB9800965042 /* Frameworks */,
				467198D528C7FB9800965042 /* Resources */,
			);
			buildRules = (
			);
			dependencies = (
			);
			name = libsasl;
			packageProductDependencies = (
			);
			productName = RoveriOS;
			productReference = 467198D728C7FB9800965042 /* libsasl.framework */;
			productType = "com.apple.product-type.framework";
		};
/* End PBXNativeTarget section */

/* Begin PBXProject section */
		467198CE28C7FB9800965042 /* Project object */ = {
			isa = PBXProject;
			attributes = {
				BuildIndependentTargetsInParallel = 1;
				LastSwiftUpdateCheck = 1420;
				LastUpgradeCheck = 1420;
				TargetAttributes = {
					467198D628C7FB9800965042 = {
						CreatedOnToolsVersion = 13.4.1;
					};
				};
			};
			buildConfigurationList = 467198D128C7FB9800965042 /* Build configuration list for PBXProject "libsasl" */;
			compatibilityVersion = "Xcode 13.0";
			developmentRegion = en;
			hasScannedForEncodings = 0;
			knownRegions = (
				en,
				Base,
			);
			mainGroup = 467198CD28C7FB9800965042;
			packageReferences = (
			);
			productRefGroup = 467198D828C7FB9800965042 /* Products */;
			projectDirPath = "";
			projectRoot = "";
			targets = (
				467198D628C7FB9800965042 /* libsasl */,
			);
		};
/* End PBXProject section */

/* Begin PBXResourcesBuildPhase section */
		467198D528C7FB9800965042 /* Resources */ = {
			isa = PBXResourcesBuildPhase;
			buildActionMask = 2147483647;
			files = (
			);
			runOnlyForDeploymentPostprocessing = 0;
		};
/* End PBXResourcesBuildPhase section */

/* Begin PBXSourcesBuildPhase section */
		467198D328C7FB9800965042 /* Sources */ = {
			isa = PBXSourcesBuildPhase;
			buildActionMask = 2147483647;
			files = (
			);
			runOnlyForDeploymentPostprocessing = 0;
		};
/* End PBXSourcesBuildPhase section */

/* Begin XCBuildConfiguration section */
		467198E928C7FB9800965042 /* Debug */ = {
			isa = XCBuildConfiguration;
			buildSettings = {
				ALWAYS_SEARCH_USER_PATHS = NO;
				CLANG_ANALYZER_NONNULL = YES;
				CLANG_ANALYZER_NUMBER_OBJECT_CONVERSION = YES_AGGRESSIVE;
				CLANG_CXX_LANGUAGE_STANDARD = "gnu++17";
				CLANG_ENABLE_MODULES = YES;
				CLANG_ENABLE_OBJC_ARC = YES;
				CLANG_ENABLE_OBJC_WEAK = YES;
				CLANG_WARN_BLOCK_CAPTURE_AUTORELEASING = YES;
				CLANG_WARN_BOOL_CONVERSION = YES;
				CLANG_WARN_COMMA = YES;
				CLANG_WARN_CONSTANT_CONVERSION = YES;
				CLANG_WARN_DEPRECATED_OBJC_IMPLEMENTATIONS = YES;
				CLANG_WARN_DIRECT_OBJC_ISA_USAGE = YES_ERROR;
				CLANG_WARN_DOCUMENTATION_COMMENTS = YES;
				CLANG_WARN_EMPTY_BODY = YES;
				CLANG_WARN_ENUM_CONVERSION = YES;
				CLANG_WARN_INFINITE_RECURSION = YES;
				CLANG_WARN_INT_CONVERSION = YES;
				CLANG_WARN_NON_LITERAL_NULL_CONVERSION = YES;
				CLANG_WARN_OBJC_IMPLICIT_RETAIN_SELF = YES;
				CLANG_WARN_OBJC_LITERAL_CONVERSION = YES;
				CLANG_WARN_OBJC_ROOT_CLASS = YES_ERROR;
				CLANG_WARN_QUOTED_INCLUDE_IN_FRAMEWORK_HEADER = YES;
				CLANG_WARN_RANGE_LOOP_ANALYSIS = YES;
				CLANG_WARN_STRICT_PROTOTYPES = YES;
				CLANG_WARN_SUSPICIOUS_MOVE = YES;
				CLANG_WARN_UNGUARDED_AVAILABILITY = YES_AGGRESSIVE;
				CLANG_WARN_UNREACHABLE_CODE = YES;
				CLANG_WARN__DUPLICATE_METHOD_MATCH = YES;
				COPY_PHASE_STRIP = NO;
				CURRENT_PROJECT_VERSION = 1;
				DEAD_CODE_STRIPPING = NO;
				DEBUG_INFORMATION_FORMAT = dwarf;
				ENABLE_STRICT_OBJC_MSGSEND = YES;
				ENABLE_TESTABILITY = YES;
				GCC_C_LANGUAGE_STANDARD = gnu11;
				GCC_DYNAMIC_NO_PIC = NO;
				GCC_NO_COMMON_BLOCKS = YES;
				GCC_OPTIMIZATION_LEVEL = 0;
				GCC_PREPROCESSOR_DEFINITIONS = (
					"DEBUG=1",
					"$(inherited)",
				);
				GCC_WARN_64_TO_32_BIT_CONVERSION = YES;
				GCC_WARN_ABOUT_RETURN_TYPE = YES_ERROR;
				GCC_WARN_UNDECLARED_SELECTOR = YES;
				GCC_WARN_UNINITIALIZED_AUTOS = YES_AGGRESSIVE;
				GCC_WARN_UNUSED_FUNCTION = YES;
				GCC_WARN_UNUSED_VARIABLE = YES;
				IPHONEOS_DEPLOYMENT_TARGET = 15.5;
				MTL_ENABLE_DEBUG_INFO = INCLUDE_SOURCE;
				MTL_FAST_MATH = YES;
				ONLY_ACTIVE_ARCH = YES;
				SDKROOT = iphoneos;
				SWIFT_ACTIVE_COMPILATION_CONDITIONS = DEBUG;
				SWIFT_OPTIMIZATION_LEVEL = "-Onone";
				VERSIONING_SYSTEM = "apple-generic";
				VERSION_INFO_PREFIX = "";
			};
			name = Debug;
		};
		467198EA28C7FB9800965042 /* Release */ = {
			isa = XCBuildConfiguration;
			buildSettings = {
				ALWAYS_SEARCH_USER_PATHS = NO;
				CLANG_ANALYZER_NONNULL = YES;
				CLANG_ANALYZER_NUMBER_OBJECT_CONVERSION = YES_AGGRESSIVE;
				CLANG_CXX_LANGUAGE_STANDARD = "gnu++17";
				CLANG_ENABLE_MODULES = YES;
				CLANG_ENABLE_OBJC_ARC = YES;
				CLANG_ENABLE_OBJC_WEAK = YES;
				CLANG_WARN_BLOCK_CAPTURE_AUTORELEASING = YES;
				CLANG_WARN_BOOL_CONVERSION = YES;
				CLANG_WARN_COMMA = YES;
				CLANG_WARN_CONSTANT_CONVERSION = YES;
				CLANG_WARN_DEPRECATED_OBJC_IMPLEMENTATIONS = YES;
				CLANG_WARN_DIRECT_OBJC_ISA_USAGE = YES_ERROR;
				CLANG_WARN_DOCUMENTATION_COMMENTS = YES;
				CLANG_WARN_EMPTY_BODY = YES;
				CLANG_WARN_ENUM_CONVERSION = YES;
				CLANG_WARN_INFINITE_RECURSION = YES;
				CLANG_WARN_INT_CONVERSION = YES;
				CLANG_WARN_NON_LITERAL_NULL_CONVERSION = YES;
				CLANG_WARN_OBJC_IMPLICIT_RETAIN_SELF = YES;
				CLANG_WARN_OBJC_LITERAL_CONVERSION = YES;
				CLANG_WARN_OBJC_ROOT_CLASS = YES_ERROR;
				CLANG_WARN_QUOTED_INCLUDE_IN_FRAMEWORK_HEADER = YES;
				CLANG_WARN_RANGE_LOOP_ANALYSIS = YES;
				CLANG_WARN_STRICT_PROTOTYPES = YES;
				CLANG_WARN_SUSPICIOUS_MOVE = YES;
				CLANG_WARN_UNGUARDED_AVAILABILITY = YES_AGGRESSIVE;
				CLANG_WARN_UNREACHABLE_CODE = YES;
				CLANG_WARN__DUPLICATE_METHOD_MATCH = YES;
				COPY_PHASE_STRIP = NO;
				CURRENT_PROJECT_VERSION = 1;
				DEAD_CODE_STRIPPING = NO;
				DEBUG_INFORMATION_FORMAT = "dwarf-with-dsym";
				ENABLE_NS_ASSERTIONS = NO;
				ENABLE_STRICT_OBJC_MSGSEND = YES;
				GCC_C_LANGUAGE_STANDARD = gnu11;
				GCC_NO_COMMON_BLOCKS = YES;
				GCC_WARN_64_TO_32_BIT_CONVERSION = YES;
				GCC_WARN_ABOUT_RETURN_TYPE = YES_ERROR;
				GCC_WARN_UNDECLARED_SELECTOR = YES;
				GCC_WARN_UNINITIALIZED_AUTOS = YES_AGGRESSIVE;
				GCC_WARN_UNUSED_FUNCTION = YES;
				GCC_WARN_UNUSED_VARIABLE = YES;
				IPHONEOS_DEPLOYMENT_TARGET = 15.5;
				MTL_ENABLE_DEBUG_INFO = NO;
				MTL_FAST_MATH = YES;
				SDKROOT = iphoneos;
				SWIFT_COMPILATION_MODE = wholemodule;
				SWIFT_OPTIMIZATION_LEVEL = "-O";
				VALIDATE_PRODUCT = YES;
				VERSIONING_SYSTEM = "apple-generic";
				VERSION_INFO_PREFIX = "";
			};
			name = Release;
		};
		467198EC28C7FB9800965042 /* Debug */ = {
			isa = XCBuildConfiguration;
			buildSettings = {
				CODE_SIGN_STYLE = Manual;
				CURRENT_PROJECT_VERSION = 1;
				DEFINES_MODULE = YES;
				DEVELOPMENT_TEAM = "";
				DYLIB_COMPATIBILITY_VERSION = 1;
				DYLIB_CURRENT_VERSION = 1;
				DYLIB_INSTALL_NAME_BASE = "@rpath";
				GENERATE_INFOPLIST_FILE = YES;
				INFOPLIST_KEY_NSHumanReadableCopyright = "";
				INSTALL_PATH = "$(LOCAL_LIBRARY_DIR)/Frameworks";
				IPHONEOS_DEPLOYMENT_TARGET = 12.0;
				"IPHONEOS_DEPLOYMENT_TARGET[sdk=macosx*]" = 13.1;
				LD_RUNPATH_SEARCH_PATHS = (
					"$(inherited)",
					"@executable_path/Frameworks",
					"@loader_path/Frameworks",
				);
				LIBRARY_SEARCH_PATHS = (
					"$(inherited)",
					"$(PROJECT_DIR).bin/lib/iphoneos",
					"$(PROJECT_DIR).bin/lib/iphoneos/sasl2",
					"$(PROJECT_DIR).bin/lib/macosx",
					"$(PROJECT_DIR).bin/lib/macosx/sasl2",
					"$(PROJECT_DIR).bin/lib/iphonesimulator",
					"$(PROJECT_DIR).bin/lib/iphonesimulator/sasl2",
					"$(PROJECT_DIR)/lib/iphoneos",
					"$(PROJECT_DIR)/lib/iphoneos/sasl2",
					"$(PROJECT_DIR)/lib/macosx",
					"$(PROJECT_DIR)/lib/macosx/sasl2",
					"$(PROJECT_DIR)/lib/iphonesimulator",
					"$(PROJECT_DIR)/lib/iphonesimulator/sasl2",
				);
				MACOSX_DEPLOYMENT_TARGET = 12.0;
				MARKETING_VERSION = 1.0;
				PRODUCT_BUNDLE_IDENTIFIER = com.smallplanet.RoveriOS;
				PRODUCT_NAME = "$(TARGET_NAME:c99extidentifier)";
				PROVISIONING_PROFILE_SPECIFIER = "";
				SKIP_INSTALL = YES;
				SUPPORTED_PLATFORMS = "iphoneos iphonesimulator macosx";
				SUPPORTS_MACCATALYST = YES;
				SUPPORTS_MAC_DESIGNED_FOR_IPHONE_IPAD = YES;
				SWIFT_EMIT_LOC_STRINGS = YES;
				SWIFT_VERSION = 5.0;
				TARGETED_DEVICE_FAMILY = "1,2";
			};
			name = Debug;
		};
		467198ED28C7FB9800965042 /* Release */ = {
			isa = XCBuildConfiguration;
			buildSettings = {
				CODE_SIGN_STYLE = Manual;
				CURRENT_PROJECT_VERSION = 1;
				DEFINES_MODULE = YES;
				DEVELOPMENT_TEAM = "";
				DYLIB_COMPATIBILITY_VERSION = 1;
				DYLIB_CURRENT_VERSION = 1;
				DYLIB_INSTALL_NAME_BASE = "@rpath";
				GENERATE_INFOPLIST_FILE = YES;
				INFOPLIST_KEY_NSHumanReadableCopyright = "";
				INSTALL_PATH = "$(LOCAL_LIBRARY_DIR)/Frameworks";
				IPHONEOS_DEPLOYMENT_TARGET = 12.0;
				"IPHONEOS_DEPLOYMENT_TARGET[sdk=macosx*]" = 13.1;
				LD_RUNPATH_SEARCH_PATHS = (
					"$(inherited)",
					"@executable_path/Frameworks",
					"@loader_path/Frameworks",
				);
				LIBRARY_SEARCH_PATHS = (
					"$(inherited)",
					"$(PROJECT_DIR).bin/lib/iphoneos",
					"$(PROJECT_DIR).bin/lib/iphoneos/sasl2",
					"$(PROJECT_DIR).bin/lib/macosx",
					"$(PROJECT_DIR).bin/lib/macosx/sasl2",
					"$(PROJECT_DIR).bin/lib/iphonesimulator",
					"$(PROJECT_DIR).bin/lib/iphonesimulator/sasl2",
					"$(PROJECT_DIR)/lib/iphoneos",
					"$(PROJECT_DIR)/lib/iphoneos/sasl2",
					"$(PROJECT_DIR)/lib/macosx",
					"$(PROJECT_DIR)/lib/macosx/sasl2",
					"$(PROJECT_DIR)/lib/iphonesimulator",
					"$(PROJECT_DIR)/lib/iphonesimulator/sasl2",
				);
				MACOSX_DEPLOYMENT_TARGET = 12.0;
				MARKETING_VERSION = 1.0;
				PRODUCT_BUNDLE_IDENTIFIER = com.smallplanet.RoveriOS;
				PRODUCT_NAME = "$(TARGET_NAME:c99extidentifier)";
				PROVISIONING_PROFILE_SPECIFIER = "";
				SKIP_INSTALL = YES;
				SUPPORTED_PLATFORMS = "iphoneos iphonesimulator macosx";
				SUPPORTS_MACCATALYST = YES;
				SUPPORTS_MAC_DESIGNED_FOR_IPHONE_IPAD = YES;
				SWIFT_EMIT_LOC_STRINGS = YES;
				SWIFT_VERSION = 5.0;
				TARGETED_DEVICE_FAMILY = "1,2";
			};
			name = Release;
		};
/* End XCBuildConfiguration section */

/* Begin XCConfigurationList section */
		467198D128C7FB9800965042 /* Build configuration list for PBXProject "libsasl" */ = {
			isa = XCConfigurationList;
			buildConfigurations = (
				467198E928C7FB9800965042 /* Debug */,
				467198EA28C7FB9800965042 /* Release */,
			);
			defaultConfigurationIsVisible = 0;
			defaultConfigurationName = Release;
		};
		467198EB28C7FB9800965042 /* Build configuration list for PBXNativeTarget "libsasl" */ = {
			isa = XCConfigurationList;
			buildConfigurations = (
				467198EC28C7FB9800965042 /* Debug */,
				467198ED28C7FB9800965042 /* Release */,
			);
			defaultConfigurationIsVisible = 0;
			defaultConfigurationName = Release;
		};
/* End XCConfigurationList section */
	};
	rootObject = 467198CE28C7FB9800965042 /* Project object */;
}
