{
  "pins" : [
    {
      "identity" : "chronometer",
      "kind" : "remoteSourceControl",
      "location" : "https://github.com/KittyMac/Chronometer.git",
      "state" : {
        "revision" : "b4808d59a175b1f764cc3d7e2e927e5476b10427",
        "version" : "0.1.11"
      }
    },
    {
      "identity" : "flynn",
      "kind" : "remoteSourceControl",
      "location" : "https://github.com/KittyMac/Flynn.git",
      "state" : {
        "revision" : "ee3a54f60e2d504439268249a583e34f8724a348",
        "version" : "0.4.74"
      }
    },
    {
      "identity" : "hitch",
      "kind" : "remoteSourceControl",
      "location" : "https://github.com/KittyMac/Hitch.git",
      "state" : {
        "revision" : "aca7b8b88f1b2064e11cbc95eedc56cb134db1b8",
        "version" : "0.4.121"
      }
    },
    {
      "identity" : "sextant",
      "kind" : "remoteSourceControl",
      "location" : "https://github.com/KittyMac/Sextant.git",
      "state" : {
        "revision" : "8b2a6994db60b12d2a43712b34cd26a01d0af918",
        "version" : "0.4.30"
      }
    },
    {
      "identity" : "spanker",
      "kind" : "remoteSourceControl",
      "location" : "https://github.com/KittyMac/Spanker.git",
      "state" : {
        "revision" : "96e58f68274a2e6f370fff153ceb5674a06936c4",
        "version" : "0.2.47"
      }
    },
    {
      "identity" : "studding",
      "kind" : "remoteSourceControl",
      "location" : "https://github.com/KittyMac/Studding.git",
      "state" : {
        "revision" : "f56ddf21dd83cbbbb4a839e678384ed74a8cc0fc",
        "version" : "0.0.11"
      }
    }
  ],
  "version" : 2
}
